uuid: f6d86592-f000-406c-916f-d15caba26cfc
langcode: pl
status: true
dependencies:
  content:
    - 'file:file:ec963eb6-496c-4502-8b8e-b21b26c8850f'
id: paragraph_block
label: Block
icon_uuid: ec963eb6-496c-4502-8b8e-b21b26c8850f
icon_default: 'data:image/svg+xml;base64,PD94bWwgdmVyc2lvbj0iMS4wIiBlbmNvZGluZz0idXRmLTgiPz48IS0tIFVwbG9hZGVkIHRvOiBTVkcgUmVwbywgd3d3LnN2Z3JlcG8uY29tLCBHZW5lcmF0b3I6IFNWRyBSZXBvIE1peGVyIFRvb2xzIC0tPgo8c3ZnIGZpbGw9IiMwMDAwMDAiIHdpZHRoPSI4MDBweCIgaGVpZ2h0PSI4MDBweCIgdmlld0JveD0iMCAwIDI0IDI0IiBpZD0iY29udHJhc3MtYWx0LTIiIGRhdGEtbmFtZT0iRmxhdCBDb2xvciIgeG1sbnM9Imh0dHA6Ly93d3cudzMub3JnLzIwMDAvc3ZnIiBjbGFzcz0iaWNvbiBmbGF0LWNvbG9yIj48cmVjdCBpZD0icHJpbWFyeSIgeD0iMiIgeT0iMiIgd2lkdGg9IjIwIiBoZWlnaHQ9IjIwIiByeD0iMiIgc3R5bGU9ImZpbGw6IHJnYigwLCAwLCAwKTsiPjwvcmVjdD48cmVjdCBpZD0ic2Vjb25kYXJ5IiB4PSI2IiB5PSI2IiB3aWR0aD0iNyIgaGVpZ2h0PSIxMiIgcng9IjEiIHN0eWxlPSJmaWxsOiByZ2IoNDQsIDE2OSwgMTg4KTsiPjwvcmVjdD48L3N2Zz4='
description: 'Komponent wstawiający block'
behavior_plugins: {  }
